// !$*UTF8*$!
{
	archiveVersion = 1;
	classes = {
	};
	objectVersion = 48;
	objects = {

/* Begin PBXBuildFile section */
		39413881205BC4A800CE1C7F /* Project2_PhotoPicker_OCTests.m in Sources */ = {isa = PBXBuildFile; fileRef = 39413880205BC4A800CE1C7F /* Project2_PhotoPicker_OCTests.m */; };
		3941388C205BC4A800CE1C7F /* Project2_PhotoPicker_OCUITests.m in Sources */ = {isa = PBXBuildFile; fileRef = 3941388B205BC4A800CE1C7F /* Project2_PhotoPicker_OCUITests.m */; };
		396E871C20EC9AD30023F430 /* PhotoThumbnailCell.m in Sources */ = {isa = PBXBuildFile; fileRef = 396E871B20EC9AD30023F430 /* PhotoThumbnailCell.m */; };
		39729E3D209C375800273496 /* AlbumListCell.m in Sources */ = {isa = PBXBuildFile; fileRef = 39729E3C209C375800273496 /* AlbumListCell.m */; };
		39729E40209C4E1600273496 /* PhotoListCell.m in Sources */ = {isa = PBXBuildFile; fileRef = 39729E3F209C4E1600273496 /* PhotoListCell.m */; };
		39729E43209C560200273496 /* VideoListCell.m in Sources */ = {isa = PBXBuildFile; fileRef = 39729E42209C560200273496 /* VideoListCell.m */; };
		39729E46209C629F00273496 /* PhotoCell.m in Sources */ = {isa = PBXBuildFile; fileRef = 39729E45209C629F00273496 /* PhotoCell.m */; };
		3972EB9E20F352A800F3DD10 /* MainDisplayController.m in Sources */ = {isa = PBXBuildFile; fileRef = 3972EB9D20F352A800F3DD10 /* MainDisplayController.m */; };
		3972EBA120F3534C00F3DD10 /* MainDisplayView.m in Sources */ = {isa = PBXBuildFile; fileRef = 3972EBA020F3534C00F3DD10 /* MainDisplayView.m */; };
		3993D818205F87FF00B15D90 /* Assets.xcassets in Resources */ = {isa = PBXBuildFile; fileRef = 3993D80B205F87FE00B15D90 /* Assets.xcassets */; };
		3993D819205F87FF00B15D90 /* LaunchScreen.storyboard in Resources */ = {isa = PBXBuildFile; fileRef = 3993D80C205F87FE00B15D90 /* LaunchScreen.storyboard */; };
		3993D81A205F87FF00B15D90 /* Main.storyboard in Resources */ = {isa = PBXBuildFile; fileRef = 3993D80E205F87FE00B15D90 /* Main.storyboard */; };
		3993D81B205F87FF00B15D90 /* main.m in Sources */ = {isa = PBXBuildFile; fileRef = 3993D810205F87FE00B15D90 /* main.m */; };
		3993D81D205F87FF00B15D90 /* AppDelegate.m in Sources */ = {isa = PBXBuildFile; fileRef = 3993D814205F87FE00B15D90 /* AppDelegate.m */; };
		3993D82F205F89B200B15D90 /* MainController.m in Sources */ = {isa = PBXBuildFile; fileRef = 3993D82E205F89B200B15D90 /* MainController.m */; };
		3993D834205F9BA900B15D90 /* PhotoPickerController.m in Sources */ = {isa = PBXBuildFile; fileRef = 3993D833205F9BA800B15D90 /* PhotoPickerController.m */; };
		3993D837205F9CC700B15D90 /* PhotoModel.m in Sources */ = {isa = PBXBuildFile; fileRef = 3993D836205F9CC700B15D90 /* PhotoModel.m */; };
		3993D83A205F9CF500B15D90 /* AlbumModel.m in Sources */ = {isa = PBXBuildFile; fileRef = 3993D839205F9CF500B15D90 /* AlbumModel.m */; };
		3993D83D205F9D1F00B15D90 /* VideoModel.m in Sources */ = {isa = PBXBuildFile; fileRef = 3993D83C205F9D1F00B15D90 /* VideoModel.m */; };
		3993D841205F9DA000B15D90 /* AlbumListController.m in Sources */ = {isa = PBXBuildFile; fileRef = 3993D840205F9DA000B15D90 /* AlbumListController.m */; };
		3993D844205F9DDE00B15D90 /* PhotoListController.m in Sources */ = {isa = PBXBuildFile; fileRef = 3993D843205F9DDE00B15D90 /* PhotoListController.m */; };
		3993D847205F9E1200B15D90 /* PhotoPerviewController.m in Sources */ = {isa = PBXBuildFile; fileRef = 3993D846205F9E1200B15D90 /* PhotoPerviewController.m */; };
		3993D84C205F9F2C00B15D90 /* PhotoPickerManager.m in Sources */ = {isa = PBXBuildFile; fileRef = 3993D84B205F9F2C00B15D90 /* PhotoPickerManager.m */; };
		BEA3B74981AEA7B16CE96E00 /* libPods-Project2-PhotoPicker-OC.a in Frameworks */ = {isa = PBXBuildFile; fileRef = 6BB183BAC9E053469EC26A72 /* libPods-Project2-PhotoPicker-OC.a */; };
/* End PBXBuildFile section */

/* Begin PBXContainerItemProxy section */
		3941387D205BC4A800CE1C7F /* PBXContainerItemProxy */ = {
			isa = PBXContainerItemProxy;
			containerPortal = 3941385C205BC4A700CE1C7F /* Project object */;
			proxyType = 1;
			remoteGlobalIDString = 39413863205BC4A800CE1C7F;
			remoteInfo = "Project2-PhotoPicker-OC";
		};
		39413888205BC4A800CE1C7F /* PBXContainerItemProxy */ = {
			isa = PBXContainerItemProxy;
			containerPortal = 3941385C205BC4A700CE1C7F /* Project object */;
			proxyType = 1;
			remoteGlobalIDString = 39413863205BC4A800CE1C7F;
			remoteInfo = "Project2-PhotoPicker-OC";
		};
/* End PBXContainerItemProxy section */

/* Begin PBXFileReference section */
		150D45101B6E060788BB569E /* Pods-Project2-PhotoPicker-OC.release.xcconfig */ = {isa = PBXFileReference; includeInIndex = 1; lastKnownFileType = text.xcconfig; name = "Pods-Project2-PhotoPicker-OC.release.xcconfig"; path = "Pods/Target Support Files/Pods-Project2-PhotoPicker-OC/Pods-Project2-PhotoPicker-OC.release.xcconfig"; sourceTree = "<group>"; };
		39413864205BC4A800CE1C7F /* Project2-PhotoPicker-OC.app */ = {isa = PBXFileReference; explicitFileType = wrapper.application; includeInIndex = 0; path = "Project2-PhotoPicker-OC.app"; sourceTree = BUILT_PRODUCTS_DIR; };
		3941387C205BC4A800CE1C7F /* Project2-PhotoPicker-OCTests.xctest */ = {isa = PBXFileReference; explicitFileType = wrapper.cfbundle; includeInIndex = 0; path = "Project2-PhotoPicker-OCTests.xctest"; sourceTree = BUILT_PRODUCTS_DIR; };
		39413880205BC4A800CE1C7F /* Project2_PhotoPicker_OCTests.m */ = {isa = PBXFileReference; lastKnownFileType = sourcecode.c.objc; path = Project2_PhotoPicker_OCTests.m; sourceTree = "<group>"; };
		39413882205BC4A800CE1C7F /* Info.plist */ = {isa = PBXFileReference; lastKnownFileType = text.plist.xml; path = Info.plist; sourceTree = "<group>"; };
		39413887205BC4A800CE1C7F /* Project2-PhotoPicker-OCUITests.xctest */ = {isa = PBXFileReference; explicitFileType = wrapper.cfbundle; includeInIndex = 0; path = "Project2-PhotoPicker-OCUITests.xctest"; sourceTree = BUILT_PRODUCTS_DIR; };
		3941388B205BC4A800CE1C7F /* Project2_PhotoPicker_OCUITests.m */ = {isa = PBXFileReference; lastKnownFileType = sourcecode.c.objc; path = Project2_PhotoPicker_OCUITests.m; sourceTree = "<group>"; };
		3941388D205BC4A800CE1C7F /* Info.plist */ = {isa = PBXFileReference; lastKnownFileType = text.plist.xml; path = Info.plist; sourceTree = "<group>"; };
		396E871A20EC9AD30023F430 /* PhotoThumbnailCell.h */ = {isa = PBXFileReference; lastKnownFileType = sourcecode.c.h; path = PhotoThumbnailCell.h; sourceTree = "<group>"; };
		396E871B20EC9AD30023F430 /* PhotoThumbnailCell.m */ = {isa = PBXFileReference; lastKnownFileType = sourcecode.c.objc; path = PhotoThumbnailCell.m; sourceTree = "<group>"; };
		39729E3B209C375800273496 /* AlbumListCell.h */ = {isa = PBXFileReference; lastKnownFileType = sourcecode.c.h; path = AlbumListCell.h; sourceTree = "<group>"; };
		39729E3C209C375800273496 /* AlbumListCell.m */ = {isa = PBXFileReference; lastKnownFileType = sourcecode.c.objc; path = AlbumListCell.m; sourceTree = "<group>"; };
		39729E3E209C4E1600273496 /* PhotoListCell.h */ = {isa = PBXFileReference; lastKnownFileType = sourcecode.c.h; path = PhotoListCell.h; sourceTree = "<group>"; };
		39729E3F209C4E1600273496 /* PhotoListCell.m */ = {isa = PBXFileReference; lastKnownFileType = sourcecode.c.objc; path = PhotoListCell.m; sourceTree = "<group>"; };
		39729E41209C560200273496 /* VideoListCell.h */ = {isa = PBXFileReference; lastKnownFileType = sourcecode.c.h; path = VideoListCell.h; sourceTree = "<group>"; };
		39729E42209C560200273496 /* VideoListCell.m */ = {isa = PBXFileReference; lastKnownFileType = sourcecode.c.objc; path = VideoListCell.m; sourceTree = "<group>"; };
		39729E44209C629F00273496 /* PhotoCell.h */ = {isa = PBXFileReference; lastKnownFileType = sourcecode.c.h; path = PhotoCell.h; sourceTree = "<group>"; };
		39729E45209C629F00273496 /* PhotoCell.m */ = {isa = PBXFileReference; lastKnownFileType = sourcecode.c.objc; path = PhotoCell.m; sourceTree = "<group>"; };
		3972EB9C20F352A800F3DD10 /* MainDisplayController.h */ = {isa = PBXFileReference; lastKnownFileType = sourcecode.c.h; path = MainDisplayController.h; sourceTree = "<group>"; };
		3972EB9D20F352A800F3DD10 /* MainDisplayController.m */ = {isa = PBXFileReference; lastKnownFileType = sourcecode.c.objc; path = MainDisplayController.m; sourceTree = "<group>"; };
		3972EB9F20F3534C00F3DD10 /* MainDisplayView.h */ = {isa = PBXFileReference; lastKnownFileType = sourcecode.c.h; path = MainDisplayView.h; sourceTree = "<group>"; };
		3972EBA020F3534C00F3DD10 /* MainDisplayView.m */ = {isa = PBXFileReference; lastKnownFileType = sourcecode.c.objc; path = MainDisplayView.m; sourceTree = "<group>"; };
		3993D80B205F87FE00B15D90 /* Assets.xcassets */ = {isa = PBXFileReference; lastKnownFileType = folder.assetcatalog; path = Assets.xcassets; sourceTree = "<group>"; };
		3993D80D205F87FE00B15D90 /* Base */ = {isa = PBXFileReference; lastKnownFileType = file.storyboard; name = Base; path = Base.lproj/LaunchScreen.storyboard; sourceTree = "<group>"; };
		3993D80F205F87FE00B15D90 /* Base */ = {isa = PBXFileReference; lastKnownFileType = file.storyboard; name = Base; path = Base.lproj/Main.storyboard; sourceTree = "<group>"; };
		3993D810205F87FE00B15D90 /* main.m */ = {isa = PBXFileReference; fileEncoding = 4; lastKnownFileType = sourcecode.c.objc; path = main.m; sourceTree = "<group>"; };
		3993D811205F87FE00B15D90 /* Info.plist */ = {isa = PBXFileReference; fileEncoding = 4; lastKnownFileType = text.plist.xml; path = Info.plist; sourceTree = "<group>"; };
		3993D813205F87FE00B15D90 /* AppDelegate.h */ = {isa = PBXFileReference; fileEncoding = 4; lastKnownFileType = sourcecode.c.h; path = AppDelegate.h; sourceTree = "<group>"; };
		3993D814205F87FE00B15D90 /* AppDelegate.m */ = {isa = PBXFileReference; fileEncoding = 4; lastKnownFileType = sourcecode.c.objc; path = AppDelegate.m; sourceTree = "<group>"; };
		3993D82D205F89B200B15D90 /* MainController.h */ = {isa = PBXFileReference; lastKnownFileType = sourcecode.c.h; path = MainController.h; sourceTree = "<group>"; };
		3993D82E205F89B200B15D90 /* MainController.m */ = {isa = PBXFileReference; lastKnownFileType = sourcecode.c.objc; path = MainController.m; sourceTree = "<group>"; };
		3993D832205F9BA800B15D90 /* PhotoPickerController.h */ = {isa = PBXFileReference; lastKnownFileType = sourcecode.c.h; path = PhotoPickerController.h; sourceTree = "<group>"; };
		3993D833205F9BA800B15D90 /* PhotoPickerController.m */ = {isa = PBXFileReference; lastKnownFileType = sourcecode.c.objc; path = PhotoPickerController.m; sourceTree = "<group>"; };
		3993D835205F9CC700B15D90 /* PhotoModel.h */ = {isa = PBXFileReference; lastKnownFileType = sourcecode.c.h; path = PhotoModel.h; sourceTree = "<group>"; };
		3993D836205F9CC700B15D90 /* PhotoModel.m */ = {isa = PBXFileReference; lastKnownFileType = sourcecode.c.objc; path = PhotoModel.m; sourceTree = "<group>"; };
		3993D838205F9CF500B15D90 /* AlbumModel.h */ = {isa = PBXFileReference; lastKnownFileType = sourcecode.c.h; path = AlbumModel.h; sourceTree = "<group>"; };
		3993D839205F9CF500B15D90 /* AlbumModel.m */ = {isa = PBXFileReference; lastKnownFileType = sourcecode.c.objc; path = AlbumModel.m; sourceTree = "<group>"; };
		3993D83B205F9D1F00B15D90 /* VideoModel.h */ = {isa = PBXFileReference; lastKnownFileType = sourcecode.c.h; path = VideoModel.h; sourceTree = "<group>"; };
		3993D83C205F9D1F00B15D90 /* VideoModel.m */ = {isa = PBXFileReference; lastKnownFileType = sourcecode.c.objc; path = VideoModel.m; sourceTree = "<group>"; };
		3993D83F205F9DA000B15D90 /* AlbumListController.h */ = {isa = PBXFileReference; lastKnownFileType = sourcecode.c.h; path = AlbumListController.h; sourceTree = "<group>"; };
		3993D840205F9DA000B15D90 /* AlbumListController.m */ = {isa = PBXFileReference; lastKnownFileType = sourcecode.c.objc; path = AlbumListController.m; sourceTree = "<group>"; };
		3993D842205F9DDE00B15D90 /* PhotoListController.h */ = {isa = PBXFileReference; lastKnownFileType = sourcecode.c.h; path = PhotoListController.h; sourceTree = "<group>"; };
		3993D843205F9DDE00B15D90 /* PhotoListController.m */ = {isa = PBXFileReference; lastKnownFileType = sourcecode.c.objc; path = PhotoListController.m; sourceTree = "<group>"; };
		3993D845205F9E1200B15D90 /* PhotoPerviewController.h */ = {isa = PBXFileReference; lastKnownFileType = sourcecode.c.h; path = PhotoPerviewController.h; sourceTree = "<group>"; };
		3993D846205F9E1200B15D90 /* PhotoPerviewController.m */ = {isa = PBXFileReference; lastKnownFileType = sourcecode.c.objc; path = PhotoPerviewController.m; sourceTree = "<group>"; };
		3993D849205F9E9300B15D90 /* PhotoPickerDelegate.h */ = {isa = PBXFileReference; lastKnownFileType = sourcecode.c.h; path = PhotoPickerDelegate.h; sourceTree = "<group>"; };
		3993D84A205F9F2C00B15D90 /* PhotoPickerManager.h */ = {isa = PBXFileReference; lastKnownFileType = sourcecode.c.h; path = PhotoPickerManager.h; sourceTree = "<group>"; };
		3993D84B205F9F2C00B15D90 /* PhotoPickerManager.m */ = {isa = PBXFileReference; lastKnownFileType = sourcecode.c.objc; path = PhotoPickerManager.m; sourceTree = "<group>"; };
		6BB183BAC9E053469EC26A72 /* libPods-Project2-PhotoPicker-OC.a */ = {isa = PBXFileReference; explicitFileType = archive.ar; includeInIndex = 0; path = "libPods-Project2-PhotoPicker-OC.a"; sourceTree = BUILT_PRODUCTS_DIR; };
		D8379A98B751277D987B2A12 /* Pods-Project2-PhotoPicker-OC.debug.xcconfig */ = {isa = PBXFileReference; includeInIndex = 1; lastKnownFileType = text.xcconfig; name = "Pods-Project2-PhotoPicker-OC.debug.xcconfig"; path = "Pods/Target Support Files/Pods-Project2-PhotoPicker-OC/Pods-Project2-PhotoPicker-OC.debug.xcconfig"; sourceTree = "<group>"; };
/* End PBXFileReference section */

/* Begin PBXFrameworksBuildPhase section */
		39413861205BC4A800CE1C7F /* Frameworks */ = {
			isa = PBXFrameworksBuildPhase;
			buildActionMask = 2147483647;
			files = (
				BEA3B74981AEA7B16CE96E00 /* libPods-Project2-PhotoPicker-OC.a in Frameworks */,
			);
			runOnlyForDeploymentPostprocessing = 0;
		};
		39413879205BC4A800CE1C7F /* Frameworks */ = {
			isa = PBXFrameworksBuildPhase;
			buildActionMask = 2147483647;
			files = (
			);
			runOnlyForDeploymentPostprocessing = 0;
		};
		39413884205BC4A800CE1C7F /* Frameworks */ = {
			isa = PBXFrameworksBuildPhase;
			buildActionMask = 2147483647;
			files = (
			);
			runOnlyForDeploymentPostprocessing = 0;
		};
/* End PBXFrameworksBuildPhase section */

/* Begin PBXGroup section */
		3941385B205BC4A700CE1C7F = {
			isa = PBXGroup;
			children = (
				3993D809205F87FE00B15D90 /* Project2-PhotoPicker-OC */,
				3941387F205BC4A800CE1C7F /* Project2-PhotoPicker-OCTests */,
				3941388A205BC4A800CE1C7F /* Project2-PhotoPicker-OCUITests */,
				39413865205BC4A800CE1C7F /* Products */,
				9917513A333D38EC7B13FEE4 /* Pods */,
				C604973CAECF910DBA5097CF /* Frameworks */,
			);
			sourceTree = "<group>";
		};
		39413865205BC4A800CE1C7F /* Products */ = {
			isa = PBXGroup;
			children = (
				39413864205BC4A800CE1C7F /* Project2-PhotoPicker-OC.app */,
				3941387C205BC4A800CE1C7F /* Project2-PhotoPicker-OCTests.xctest */,
				39413887205BC4A800CE1C7F /* Project2-PhotoPicker-OCUITests.xctest */,
			);
			name = Products;
			sourceTree = "<group>";
		};
		3941387F205BC4A800CE1C7F /* Project2-PhotoPicker-OCTests */ = {
			isa = PBXGroup;
			children = (
				39413880205BC4A800CE1C7F /* Project2_PhotoPicker_OCTests.m */,
				39413882205BC4A800CE1C7F /* Info.plist */,
			);
			path = "Project2-PhotoPicker-OCTests";
			sourceTree = "<group>";
		};
		3941388A205BC4A800CE1C7F /* Project2-PhotoPicker-OCUITests */ = {
			isa = PBXGroup;
			children = (
				3941388B205BC4A800CE1C7F /* Project2_PhotoPicker_OCUITests.m */,
				3941388D205BC4A800CE1C7F /* Info.plist */,
			);
			path = "Project2-PhotoPicker-OCUITests";
			sourceTree = "<group>";
		};
		3993D809205F87FE00B15D90 /* Project2-PhotoPicker-OC */ = {
			isa = PBXGroup;
			children = (
				3993D812205F87FE00B15D90 /* AppDelegate */,
				3993D816205F87FE00B15D90 /* Modules */,
				3993D815205F87FE00B15D90 /* Resource */,
				3993D80A205F87FE00B15D90 /* Support Files */,
			);
			path = "Project2-PhotoPicker-OC";
			sourceTree = "<group>";
		};
		3993D80A205F87FE00B15D90 /* Support Files */ = {
			isa = PBXGroup;
			children = (
				3993D80B205F87FE00B15D90 /* Assets.xcassets */,
				3993D80C205F87FE00B15D90 /* LaunchScreen.storyboard */,
				3993D80E205F87FE00B15D90 /* Main.storyboard */,
				3993D810205F87FE00B15D90 /* main.m */,
				3993D811205F87FE00B15D90 /* Info.plist */,
			);
			path = "Support Files";
			sourceTree = "<group>";
		};
		3993D812205F87FE00B15D90 /* AppDelegate */ = {
			isa = PBXGroup;
			children = (
				3993D813205F87FE00B15D90 /* AppDelegate.h */,
				3993D814205F87FE00B15D90 /* AppDelegate.m */,
			);
			path = AppDelegate;
			sourceTree = "<group>";
		};
		3993D815205F87FE00B15D90 /* Resource */ = {
			isa = PBXGroup;
			children = (
			);
			path = Resource;
			sourceTree = "<group>";
		};
		3993D816205F87FE00B15D90 /* Modules */ = {
			isa = PBXGroup;
			children = (
				3993D81E205F899B00B15D90 /* Album */,
				3993D823205F899C00B15D90 /* Camera */,
				3993D828205F899C00B15D90 /* Main */,
			);
			path = Modules;
			sourceTree = "<group>";
		};
		3993D81E205F899B00B15D90 /* Album */ = {
			isa = PBXGroup;
			children = (
				3993D83E205F9D6200B15D90 /* Core */,
				3993D81F205F899B00B15D90 /* ViewModel */,
				3993D820205F899B00B15D90 /* Controller */,
				3993D821205F899B00B15D90 /* Model */,
				3993D822205F899B00B15D90 /* View */,
			);
			path = Album;
			sourceTree = "<group>";
		};
		3993D81F205F899B00B15D90 /* ViewModel */ = {
			isa = PBXGroup;
			children = (
			);
			path = ViewModel;
			sourceTree = "<group>";
		};
		3993D820205F899B00B15D90 /* Controller */ = {
			isa = PBXGroup;
			children = (
				3993D832205F9BA800B15D90 /* PhotoPickerController.h */,
				3993D833205F9BA800B15D90 /* PhotoPickerController.m */,
				3993D83F205F9DA000B15D90 /* AlbumListController.h */,
				3993D840205F9DA000B15D90 /* AlbumListController.m */,
				3993D842205F9DDE00B15D90 /* PhotoListController.h */,
				3993D843205F9DDE00B15D90 /* PhotoListController.m */,
				3993D845205F9E1200B15D90 /* PhotoPerviewController.h */,
				3993D846205F9E1200B15D90 /* PhotoPerviewController.m */,
			);
			path = Controller;
			sourceTree = "<group>";
		};
		3993D821205F899B00B15D90 /* Model */ = {
			isa = PBXGroup;
			children = (
				3993D835205F9CC700B15D90 /* PhotoModel.h */,
				3993D836205F9CC700B15D90 /* PhotoModel.m */,
				3993D838205F9CF500B15D90 /* AlbumModel.h */,
				3993D839205F9CF500B15D90 /* AlbumModel.m */,
				3993D83B205F9D1F00B15D90 /* VideoModel.h */,
				3993D83C205F9D1F00B15D90 /* VideoModel.m */,
			);
			path = Model;
			sourceTree = "<group>";
		};
		3993D822205F899B00B15D90 /* View */ = {
			isa = PBXGroup;
			children = (
				39729E3B209C375800273496 /* AlbumListCell.h */,
				39729E3C209C375800273496 /* AlbumListCell.m */,
				39729E3E209C4E1600273496 /* PhotoListCell.h */,
				39729E3F209C4E1600273496 /* PhotoListCell.m */,
				39729E41209C560200273496 /* VideoListCell.h */,
				39729E42209C560200273496 /* VideoListCell.m */,
				39729E44209C629F00273496 /* PhotoCell.h */,
				39729E45209C629F00273496 /* PhotoCell.m */,
				396E871A20EC9AD30023F430 /* PhotoThumbnailCell.h */,
				396E871B20EC9AD30023F430 /* PhotoThumbnailCell.m */,
			);
			path = View;
			sourceTree = "<group>";
		};
		3993D823205F899C00B15D90 /* Camera */ = {
			isa = PBXGroup;
			children = (
				3993D824205F899C00B15D90 /* ViewModel */,
				3993D825205F899C00B15D90 /* Controller */,
				3993D826205F899C00B15D90 /* Model */,
				3993D827205F899C00B15D90 /* View */,
			);
			path = Camera;
			sourceTree = "<group>";
		};
		3993D824205F899C00B15D90 /* ViewModel */ = {
			isa = PBXGroup;
			children = (
			);
			path = ViewModel;
			sourceTree = "<group>";
		};
		3993D825205F899C00B15D90 /* Controller */ = {
			isa = PBXGroup;
			children = (
			);
			path = Controller;
			sourceTree = "<group>";
		};
		3993D826205F899C00B15D90 /* Model */ = {
			isa = PBXGroup;
			children = (
			);
			path = Model;
			sourceTree = "<group>";
		};
		3993D827205F899C00B15D90 /* View */ = {
			isa = PBXGroup;
			children = (
			);
			path = View;
			sourceTree = "<group>";
		};
		3993D828205F899C00B15D90 /* Main */ = {
			isa = PBXGroup;
			children = (
				3993D829205F899C00B15D90 /* ViewModel */,
				3993D82A205F899C00B15D90 /* Controller */,
				3993D82B205F899C00B15D90 /* Model */,
				3993D82C205F899C00B15D90 /* View */,
			);
			path = Main;
			sourceTree = "<group>";
		};
		3993D829205F899C00B15D90 /* ViewModel */ = {
			isa = PBXGroup;
			children = (
			);
			path = ViewModel;
			sourceTree = "<group>";
		};
		3993D82A205F899C00B15D90 /* Controller */ = {
			isa = PBXGroup;
			children = (
				3993D82D205F89B200B15D90 /* MainController.h */,
				3993D82E205F89B200B15D90 /* MainController.m */,
				3972EB9C20F352A800F3DD10 /* MainDisplayController.h */,
				3972EB9D20F352A800F3DD10 /* MainDisplayController.m */,
			);
			path = Controller;
			sourceTree = "<group>";
		};
		3993D82B205F899C00B15D90 /* Model */ = {
			isa = PBXGroup;
			children = (
			);
			path = Model;
			sourceTree = "<group>";
		};
		3993D82C205F899C00B15D90 /* View */ = {
			isa = PBXGroup;
			children = (
				3972EB9F20F3534C00F3DD10 /* MainDisplayView.h */,
				3972EBA020F3534C00F3DD10 /* MainDisplayView.m */,
			);
			path = View;
			sourceTree = "<group>";
		};
		3993D83E205F9D6200B15D90 /* Core */ = {
			isa = PBXGroup;
			children = (
				3993D849205F9E9300B15D90 /* PhotoPickerDelegate.h */,
				3993D84A205F9F2C00B15D90 /* PhotoPickerManager.h */,
				3993D84B205F9F2C00B15D90 /* PhotoPickerManager.m */,
			);
			path = Core;
			sourceTree = "<group>";
		};
		9917513A333D38EC7B13FEE4 /* Pods */ = {
			isa = PBXGroup;
			children = (
				D8379A98B751277D987B2A12 /* Pods-Project2-PhotoPicker-OC.debug.xcconfig */,
				150D45101B6E060788BB569E /* Pods-Project2-PhotoPicker-OC.release.xcconfig */,
			);
			name = Pods;
			sourceTree = "<group>";
		};
		C604973CAECF910DBA5097CF /* Frameworks */ = {
			isa = PBXGroup;
			children = (
				6BB183BAC9E053469EC26A72 /* libPods-Project2-PhotoPicker-OC.a */,
			);
			name = Frameworks;
			sourceTree = "<group>";
		};
/* End PBXGroup section */

/* Begin PBXNativeTarget section */
		39413863205BC4A800CE1C7F /* Project2-PhotoPicker-OC */ = {
			isa = PBXNativeTarget;
			buildConfigurationList = 39413890205BC4A800CE1C7F /* Build configuration list for PBXNativeTarget "Project2-PhotoPicker-OC" */;
			buildPhases = (
				F3FFCCDC6DAF8D157993B15C /* [CP] Check Pods Manifest.lock */,
				39413860205BC4A800CE1C7F /* Sources */,
				39413861205BC4A800CE1C7F /* Frameworks */,
				39413862205BC4A800CE1C7F /* Resources */,
				D25672C420E46AFE0F1AF9E3 /* [CP] Copy Pods Resources */,
			);
			buildRules = (
			);
			dependencies = (
			);
			name = "Project2-PhotoPicker-OC";
			productName = "Project2-PhotoPicker-OC";
			productReference = 39413864205BC4A800CE1C7F /* Project2-PhotoPicker-OC.app */;
			productType = "com.apple.product-type.application";
		};
		3941387B205BC4A800CE1C7F /* Project2-PhotoPicker-OCTests */ = {
			isa = PBXNativeTarget;
			buildConfigurationList = 39413893205BC4A800CE1C7F /* Build configuration list for PBXNativeTarget "Project2-PhotoPicker-OCTests" */;
			buildPhases = (
				39413878205BC4A800CE1C7F /* Sources */,
				39413879205BC4A800CE1C7F /* Frameworks */,
				3941387A205BC4A800CE1C7F /* Resources */,
			);
			buildRules = (
			);
			dependencies = (
				3941387E205BC4A800CE1C7F /* PBXTargetDependency */,
			);
			name = "Project2-PhotoPicker-OCTests";
			productName = "Project2-PhotoPicker-OCTests";
			productReference = 3941387C205BC4A800CE1C7F /* Project2-PhotoPicker-OCTests.xctest */;
			productType = "com.apple.product-type.bundle.unit-test";
		};
		39413886205BC4A800CE1C7F /* Project2-PhotoPicker-OCUITests */ = {
			isa = PBXNativeTarget;
			buildConfigurationList = 39413896205BC4A800CE1C7F /* Build configuration list for PBXNativeTarget "Project2-PhotoPicker-OCUITests" */;
			buildPhases = (
				39413883205BC4A800CE1C7F /* Sources */,
				39413884205BC4A800CE1C7F /* Frameworks */,
				39413885205BC4A800CE1C7F /* Resources */,
			);
			buildRules = (
			);
			dependencies = (
				39413889205BC4A800CE1C7F /* PBXTargetDependency */,
			);
			name = "Project2-PhotoPicker-OCUITests";
			productName = "Project2-PhotoPicker-OCUITests";
			productReference = 39413887205BC4A800CE1C7F /* Project2-PhotoPicker-OCUITests.xctest */;
			productType = "com.apple.product-type.bundle.ui-testing";
		};
/* End PBXNativeTarget section */

/* Begin PBXProject section */
		3941385C205BC4A700CE1C7F /* Project object */ = {
			isa = PBXProject;
			attributes = {
				LastUpgradeCheck = 0920;
				ORGANIZATIONNAME = YangJing;
				TargetAttributes = {
					39413863205BC4A800CE1C7F = {
						CreatedOnToolsVersion = 9.2;
						ProvisioningStyle = Automatic;
					};
					3941387B205BC4A800CE1C7F = {
						CreatedOnToolsVersion = 9.2;
						ProvisioningStyle = Automatic;
						TestTargetID = 39413863205BC4A800CE1C7F;
					};
					39413886205BC4A800CE1C7F = {
						CreatedOnToolsVersion = 9.2;
						ProvisioningStyle = Automatic;
						TestTargetID = 39413863205BC4A800CE1C7F;
					};
				};
			};
			buildConfigurationList = 3941385F205BC4A700CE1C7F /* Build configuration list for PBXProject "Project2-PhotoPicker-OC" */;
			compatibilityVersion = "Xcode 8.0";
			developmentRegion = en;
			hasScannedForEncodings = 0;
			knownRegions = (
				en,
				Base,
			);
			mainGroup = 3941385B205BC4A700CE1C7F;
			productRefGroup = 39413865205BC4A800CE1C7F /* Products */;
			projectDirPath = "";
			projectRoot = "";
			targets = (
				39413863205BC4A800CE1C7F /* Project2-PhotoPicker-OC */,
				3941387B205BC4A800CE1C7F /* Project2-PhotoPicker-OCTests */,
				39413886205BC4A800CE1C7F /* Project2-PhotoPicker-OCUITests */,
			);
		};
/* End PBXProject section */

/* Begin PBXResourcesBuildPhase section */
		39413862205BC4A800CE1C7F /* Resources */ = {
			isa = PBXResourcesBuildPhase;
			buildActionMask = 2147483647;
			files = (
				3993D81A205F87FF00B15D90 /* Main.storyboard in Resources */,
				3993D818205F87FF00B15D90 /* Assets.xcassets in Resources */,
				3993D819205F87FF00B15D90 /* LaunchScreen.storyboard in Resources */,
			);
			runOnlyForDeploymentPostprocessing = 0;
		};
		3941387A205BC4A800CE1C7F /* Resources */ = {
			isa = PBXResourcesBuildPhase;
			buildActionMask = 2147483647;
			files = (
			);
			runOnlyForDeploymentPostprocessing = 0;
		};
		39413885205BC4A800CE1C7F /* Resources */ = {
			isa = PBXResourcesBuildPhase;
			buildActionMask = 2147483647;
			files = (
			);
			runOnlyForDeploymentPostprocessing = 0;
		};
/* End PBXResourcesBuildPhase section */

/* Begin PBXShellScriptBuildPhase section */
		D25672C420E46AFE0F1AF9E3 /* [CP] Copy Pods Resources */ = {
			isa = PBXShellScriptBuildPhase;
			buildActionMask = 2147483647;
			files = (
			);
			inputPaths = (
				"${SRCROOT}/Pods/Target Support Files/Pods-Project2-PhotoPicker-OC/Pods-Project2-PhotoPicker-OC-resources.sh",
				"${PODS_ROOT}/MJRefresh/MJRefresh/MJRefresh.bundle",
			);
			name = "[CP] Copy Pods Resources";
			outputPaths = (
				"${TARGET_BUILD_DIR}/${UNLOCALIZED_RESOURCES_FOLDER_PATH}/MJRefresh.bundle",
			);
			runOnlyForDeploymentPostprocessing = 0;
			shellPath = /bin/sh;
			shellScript = "\"${SRCROOT}/Pods/Target Support Files/Pods-Project2-PhotoPicker-OC/Pods-Project2-PhotoPicker-OC-resources.sh\"\n";
			showEnvVarsInLog = 0;
		};
		F3FFCCDC6DAF8D157993B15C /* [CP] Check Pods Manifest.lock */ = {
			isa = PBXShellScriptBuildPhase;
			buildActionMask = 2147483647;
			files = (
			);
			inputPaths = (
				"${PODS_PODFILE_DIR_PATH}/Podfile.lock",
				"${PODS_ROOT}/Manifest.lock",
			);
			name = "[CP] Check Pods Manifest.lock";
			outputPaths = (
				"$(DERIVED_FILE_DIR)/Pods-Project2-PhotoPicker-OC-checkManifestLockResult.txt",
			);
			runOnlyForDeploymentPostprocessing = 0;
			shellPath = /bin/sh;
			shellScript = "diff \"${PODS_PODFILE_DIR_PATH}/Podfile.lock\" \"${PODS_ROOT}/Manifest.lock\" > /dev/null\nif [ $? != 0 ] ; then\n    # print error to STDERR\n    echo \"error: The sandbox is not in sync with the Podfile.lock. Run 'pod install' or update your CocoaPods installation.\" >&2\n    exit 1\nfi\n# This output is used by Xcode 'outputs' to avoid re-running this script phase.\necho \"SUCCESS\" > \"${SCRIPT_OUTPUT_FILE_0}\"\n";
			showEnvVarsInLog = 0;
		};
/* End PBXShellScriptBuildPhase section */

/* Begin PBXSourcesBuildPhase section */
		39413860205BC4A800CE1C7F /* Sources */ = {
			isa = PBXSourcesBuildPhase;
			buildActionMask = 2147483647;
			files = (
				3993D81D205F87FF00B15D90 /* AppDelegate.m in Sources */,
				39729E40209C4E1600273496 /* PhotoListCell.m in Sources */,
				3993D841205F9DA000B15D90 /* AlbumListController.m in Sources */,
				3993D837205F9CC700B15D90 /* PhotoModel.m in Sources */,
				39729E3D209C375800273496 /* AlbumListCell.m in Sources */,
				3993D82F205F89B200B15D90 /* MainController.m in Sources */,
				39729E46209C629F00273496 /* PhotoCell.m in Sources */,
				3993D834205F9BA900B15D90 /* PhotoPickerController.m in Sources */,
				3993D84C205F9F2C00B15D90 /* PhotoPickerManager.m in Sources */,
				3993D844205F9DDE00B15D90 /* PhotoListController.m in Sources */,
				3993D81B205F87FF00B15D90 /* main.m in Sources */,
				3993D847205F9E1200B15D90 /* PhotoPerviewController.m in Sources */,
				39729E43209C560200273496 /* VideoListCell.m in Sources */,
				396E871C20EC9AD30023F430 /* PhotoThumbnailCell.m in Sources */,
				3972EBA120F3534C00F3DD10 /* MainDisplayView.m in Sources */,
				3993D83D205F9D1F00B15D90 /* VideoModel.m in Sources */,
				3972EB9E20F352A800F3DD10 /* MainDisplayController.m in Sources */,
				3993D83A205F9CF500B15D90 /* AlbumModel.m in Sources */,
			);
			runOnlyForDeploymentPostprocessing = 0;
		};
		39413878205BC4A800CE1C7F /* Sources */ = {
			isa = PBXSourcesBuildPhase;
			buildActionMask = 2147483647;
			files = (
				39413881205BC4A800CE1C7F /* Project2_PhotoPicker_OCTests.m in Sources */,
			);
			runOnlyForDeploymentPostprocessing = 0;
		};
		39413883205BC4A800CE1C7F /* Sources */ = {
			isa = PBXSourcesBuildPhase;
			buildActionMask = 2147483647;
			files = (
				3941388C205BC4A800CE1C7F /* Project2_PhotoPicker_OCUITests.m in Sources */,
			);
			runOnlyForDeploymentPostprocessing = 0;
		};
/* End PBXSourcesBuildPhase section */

/* Begin PBXTargetDependency section */
		3941387E205BC4A800CE1C7F /* PBXTargetDependency */ = {
			isa = PBXTargetDependency;
			target = 39413863205BC4A800CE1C7F /* Project2-PhotoPicker-OC */;
			targetProxy = 3941387D205BC4A800CE1C7F /* PBXContainerItemProxy */;
		};
		39413889205BC4A800CE1C7F /* PBXTargetDependency */ = {
			isa = PBXTargetDependency;
			target = 39413863205BC4A800CE1C7F /* Project2-PhotoPicker-OC */;
			targetProxy = 39413888205BC4A800CE1C7F /* PBXContainerItemProxy */;
		};
/* End PBXTargetDependency section */

/* Begin PBXVariantGroup section */
		3993D80C205F87FE00B15D90 /* LaunchScreen.storyboard */ = {
			isa = PBXVariantGroup;
			children = (
				3993D80D205F87FE00B15D90 /* Base */,
			);
			name = LaunchScreen.storyboard;
			sourceTree = "<group>";
		};
		3993D80E205F87FE00B15D90 /* Main.storyboard */ = {
			isa = PBXVariantGroup;
			children = (
				3993D80F205F87FE00B15D90 /* Base */,
			);
			name = Main.storyboard;
			sourceTree = "<group>";
		};
/* End PBXVariantGroup section */

/* Begin XCBuildConfiguration section */
		3941388E205BC4A800CE1C7F /* Debug */ = {
			isa = XCBuildConfiguration;
			buildSettings = {
				ALWAYS_SEARCH_USER_PATHS = NO;
				CLANG_ANALYZER_NONNULL = YES;
				CLANG_ANALYZER_NUMBER_OBJECT_CONVERSION = YES_AGGRESSIVE;
				CLANG_CXX_LANGUAGE_STANDARD = "gnu++14";
				CLANG_CXX_LIBRARY = "libc++";
				CLANG_ENABLE_MODULES = YES;
				CLANG_ENABLE_OBJC_ARC = YES;
				CLANG_WARN_BLOCK_CAPTURE_AUTORELEASING = YES;
				CLANG_WARN_BOOL_CONVERSION = YES;
				CLANG_WARN_COMMA = YES;
				CLANG_WARN_CONSTANT_CONVERSION = YES;
				CLANG_WARN_DIRECT_OBJC_ISA_USAGE = YES_ERROR;
				CLANG_WARN_DOCUMENTATION_COMMENTS = YES;
				CLANG_WARN_EMPTY_BODY = YES;
				CLANG_WARN_ENUM_CONVERSION = YES;
				CLANG_WARN_INFINITE_RECURSION = YES;
				CLANG_WARN_INT_CONVERSION = YES;
				CLANG_WARN_NON_LITERAL_NULL_CONVERSION = YES;
				CLANG_WARN_OBJC_LITERAL_CONVERSION = YES;
				CLANG_WARN_OBJC_ROOT_CLASS = YES_ERROR;
				CLANG_WARN_RANGE_LOOP_ANALYSIS = YES;
				CLANG_WARN_STRICT_PROTOTYPES = YES;
				CLANG_WARN_SUSPICIOUS_MOVE = YES;
				CLANG_WARN_UNGUARDED_AVAILABILITY = YES_AGGRESSIVE;
				CLANG_WARN_UNREACHABLE_CODE = YES;
				CLANG_WARN__DUPLICATE_METHOD_MATCH = YES;
				CODE_SIGN_IDENTITY = "iPhone Developer";
				COPY_PHASE_STRIP = NO;
				DEBUG_INFORMATION_FORMAT = dwarf;
				ENABLE_STRICT_OBJC_MSGSEND = YES;
				ENABLE_TESTABILITY = YES;
				GCC_C_LANGUAGE_STANDARD = gnu11;
				GCC_DYNAMIC_NO_PIC = NO;
				GCC_NO_COMMON_BLOCKS = YES;
				GCC_OPTIMIZATION_LEVEL = 0;
				GCC_PREPROCESSOR_DEFINITIONS = (
					"DEBUG=1",
					"$(inherited)",
				);
				GCC_WARN_64_TO_32_BIT_CONVERSION = YES;
				GCC_WARN_ABOUT_RETURN_TYPE = YES_ERROR;
				GCC_WARN_UNDECLARED_SELECTOR = YES;
				GCC_WARN_UNINITIALIZED_AUTOS = YES_AGGRESSIVE;
				GCC_WARN_UNUSED_FUNCTION = YES;
				GCC_WARN_UNUSED_VARIABLE = YES;
				IPHONEOS_DEPLOYMENT_TARGET = 11.2;
				MTL_ENABLE_DEBUG_INFO = YES;
				ONLY_ACTIVE_ARCH = YES;
				SDKROOT = iphoneos;
			};
			name = Debug;
		};
		3941388F205BC4A800CE1C7F /* Release */ = {
			isa = XCBuildConfiguration;
			buildSettings = {
				ALWAYS_SEARCH_USER_PATHS = NO;
				CLANG_ANALYZER_NONNULL = YES;
				CLANG_ANALYZER_NUMBER_OBJECT_CONVERSION = YES_AGGRESSIVE;
				CLANG_CXX_LANGUAGE_STANDARD = "gnu++14";
				CLANG_CXX_LIBRARY = "libc++";
				CLANG_ENABLE_MODULES = YES;
				CLANG_ENABLE_OBJC_ARC = YES;
				CLANG_WARN_BLOCK_CAPTURE_AUTORELEASING = YES;
				CLANG_WARN_BOOL_CONVERSION = YES;
				CLANG_WARN_COMMA = YES;
				CLANG_WARN_CONSTANT_CONVERSION = YES;
				CLANG_WARN_DIRECT_OBJC_ISA_USAGE = YES_ERROR;
				CLANG_WARN_DOCUMENTATION_COMMENTS = YES;
				CLANG_WARN_EMPTY_BODY = YES;
				CLANG_WARN_ENUM_CONVERSION = YES;
				CLANG_WARN_INFINITE_RECURSION = YES;
				CLANG_WARN_INT_CONVERSION = YES;
				CLANG_WARN_NON_LITERAL_NULL_CONVERSION = YES;
				CLANG_WARN_OBJC_LITERAL_CONVERSION = YES;
				CLANG_WARN_OBJC_ROOT_CLASS = YES_ERROR;
				CLANG_WARN_RANGE_LOOP_ANALYSIS = YES;
				CLANG_WARN_STRICT_PROTOTYPES = YES;
				CLANG_WARN_SUSPICIOUS_MOVE = YES;
				CLANG_WARN_UNGUARDED_AVAILABILITY = YES_AGGRESSIVE;
				CLANG_WARN_UNREACHABLE_CODE = YES;
				CLANG_WARN__DUPLICATE_METHOD_MATCH = YES;
				CODE_SIGN_IDENTITY = "iPhone Developer";
				COPY_PHASE_STRIP = NO;
				DEBUG_INFORMATION_FORMAT = "dwarf-with-dsym";
				ENABLE_NS_ASSERTIONS = NO;
				ENABLE_STRICT_OBJC_MSGSEND = YES;
				GCC_C_LANGUAGE_STANDARD = gnu11;
				GCC_NO_COMMON_BLOCKS = YES;
				GCC_WARN_64_TO_32_BIT_CONVERSION = YES;
				GCC_WARN_ABOUT_RETURN_TYPE = YES_ERROR;
				GCC_WARN_UNDECLARED_SELECTOR = YES;
				GCC_WARN_UNINITIALIZED_AUTOS = YES_AGGRESSIVE;
				GCC_WARN_UNUSED_FUNCTION = YES;
				GCC_WARN_UNUSED_VARIABLE = YES;
				IPHONEOS_DEPLOYMENT_TARGET = 11.2;
				MTL_ENABLE_DEBUG_INFO = NO;
				SDKROOT = iphoneos;
				VALIDATE_PRODUCT = YES;
			};
			name = Release;
		};
		39413891205BC4A800CE1C7F /* Debug */ = {
			isa = XCBuildConfiguration;
			baseConfigurationReference = D8379A98B751277D987B2A12 /* Pods-Project2-PhotoPicker-OC.debug.xcconfig */;
			buildSettings = {
				ASSETCATALOG_COMPILER_APPICON_NAME = AppIcon;
				CODE_SIGN_STYLE = Automatic;
				DEVELOPMENT_TEAM = U7S6VUPM23;
				INFOPLIST_FILE = "$(SRCROOT)/Project2-PhotoPicker-OC/Support Files/Info.plist";
				IPHONEOS_DEPLOYMENT_TARGET = 8.0;
				LD_RUNPATH_SEARCH_PATHS = "$(inherited) @executable_path/Frameworks";
				PRODUCT_BUNDLE_IDENTIFIER = "yangjing.Project2-PhotoPicker-OC";
				PRODUCT_NAME = "$(TARGET_NAME)";
				TARGETED_DEVICE_FAMILY = "1,2";
			};
			name = Debug;
		};
		39413892205BC4A800CE1C7F /* Release */ = {
			isa = XCBuildConfiguration;
			baseConfigurationReference = 150D45101B6E060788BB569E /* Pods-Project2-PhotoPicker-OC.release.xcconfig */;
			buildSettings = {
				ASSETCATALOG_COMPILER_APPICON_NAME = AppIcon;
				CODE_SIGN_STYLE = Automatic;
				DEVELOPMENT_TEAM = U7S6VUPM23;
				INFOPLIST_FILE = "$(SRCROOT)/Project2-PhotoPicker-OC/Support Files/Info.plist";
				IPHONEOS_DEPLOYMENT_TARGET = 8.0;
				LD_RUNPATH_SEARCH_PATHS = "$(inherited) @executable_path/Frameworks";
				PRODUCT_BUNDLE_IDENTIFIER = "yangjing.Project2-PhotoPicker-OC";
				PRODUCT_NAME = "$(TARGET_NAME)";
				TARGETED_DEVICE_FAMILY = "1,2";
			};
			name = Release;
		};
		39413894205BC4A800CE1C7F /* Debug */ = {
			isa = XCBuildConfiguration;
			buildSettings = {
				BUNDLE_LOADER = "$(TEST_HOST)";
				CODE_SIGN_STYLE = Automatic;
				DEVELOPMENT_TEAM = U7S6VUPM23;
				INFOPLIST_FILE = "Project2-PhotoPicker-OCTests/Info.plist";
				LD_RUNPATH_SEARCH_PATHS = "$(inherited) @executable_path/Frameworks @loader_path/Frameworks";
				PRODUCT_BUNDLE_IDENTIFIER = "yangjing.Project2-PhotoPicker-OCTests";
				PRODUCT_NAME = "$(TARGET_NAME)";
				TARGETED_DEVICE_FAMILY = "1,2";
				TEST_HOST = "$(BUILT_PRODUCTS_DIR)/Project2-PhotoPicker-OC.app/Project2-PhotoPicker-OC";
			};
			name = Debug;
		};
		39413895205BC4A800CE1C7F /* Release */ = {
			isa = XCBuildConfiguration;
			buildSettings = {
				BUNDLE_LOADER = "$(TEST_HOST)";
				CODE_SIGN_STYLE = Automatic;
				DEVELOPMENT_TEAM = U7S6VUPM23;
				INFOPLIST_FILE = "Project2-PhotoPicker-OCTests/Info.plist";
				LD_RUNPATH_SEARCH_PATHS = "$(inherited) @executable_path/Frameworks @loader_path/Frameworks";
				PRODUCT_BUNDLE_IDENTIFIER = "yangjing.Project2-PhotoPicker-OCTests";
				PRODUCT_NAME = "$(TARGET_NAME)";
				TARGETED_DEVICE_FAMILY = "1,2";
				TEST_HOST = "$(BUILT_PRODUCTS_DIR)/Project2-PhotoPicker-OC.app/Project2-PhotoPicker-OC";
			};
			name = Release;
		};
		39413897205BC4A800CE1C7F /* Debug */ = {
			isa = XCBuildConfiguration;
			buildSettings = {
				CODE_SIGN_STYLE = Automatic;
				DEVELOPMENT_TEAM = U7S6VUPM23;
				INFOPLIST_FILE = "Project2-PhotoPicker-OCUITests/Info.plist";
				LD_RUNPATH_SEARCH_PATHS = "$(inherited) @executable_path/Frameworks @loader_path/Frameworks";
				PRODUCT_BUNDLE_IDENTIFIER = "yangjing.Project2-PhotoPicker-OCUITests";
				PRODUCT_NAME = "$(TARGET_NAME)";
				TARGETED_DEVICE_FAMILY = "1,2";
				TEST_TARGET_NAME = "Project2-PhotoPicker-OC";
			};
			name = Debug;
		};
		39413898205BC4A800CE1C7F /* Release */ = {
			isa = XCBuildConfiguration;
			buildSettings = {
				CODE_SIGN_STYLE = Automatic;
				DEVELOPMENT_TEAM = U7S6VUPM23;
				INFOPLIST_FILE = "Project2-PhotoPicker-OCUITests/Info.plist";
				LD_RUNPATH_SEARCH_PATHS = "$(inherited) @executable_path/Frameworks @loader_path/Frameworks";
				PRODUCT_BUNDLE_IDENTIFIER = "yangjing.Project2-PhotoPicker-OCUITests";
				PRODUCT_NAME = "$(TARGET_NAME)";
				TARGETED_DEVICE_FAMILY = "1,2";
				TEST_TARGET_NAME = "Project2-PhotoPicker-OC";
			};
			name = Release;
		};
/* End XCBuildConfiguration section */

/* Begin XCConfigurationList section */
		3941385F205BC4A700CE1C7F /* Build configuration list for PBXProject "Project2-PhotoPicker-OC" */ = {
			isa = XCConfigurationList;
			buildConfigurations = (
				3941388E205BC4A800CE1C7F /* Debug */,
				3941388F205BC4A800CE1C7F /* Release */,
			);
			defaultConfigurationIsVisible = 0;
			defaultConfigurationName = Release;
		};
		39413890205BC4A800CE1C7F /* Build configuration list for PBXNativeTarget "Project2-PhotoPicker-OC" */ = {
			isa = XCConfigurationList;
			buildConfigurations = (
				39413891205BC4A800CE1C7F /* Debug */,
				39413892205BC4A800CE1C7F /* Release */,
			);
			defaultConfigurationIsVisible = 0;
			defaultConfigurationName = Release;
		};
		39413893205BC4A800CE1C7F /* Build configuration list for PBXNativeTarget "Project2-PhotoPicker-OCTests" */ = {
			isa = XCConfigurationList;
			buildConfigurations = (
				39413894205BC4A800CE1C7F /* Debug */,
				39413895205BC4A800CE1C7F /* Release */,
			);
			defaultConfigurationIsVisible = 0;
			defaultConfigurationName = Release;
		};
		39413896205BC4A800CE1C7F /* Build configuration list for PBXNativeTarget "Project2-PhotoPicker-OCUITests" */ = {
			isa = XCConfigurationList;
			buildConfigurations = (
				39413897205BC4A800CE1C7F /* Debug */,
				39413898205BC4A800CE1C7F /* Release */,
			);
			defaultConfigurationIsVisible = 0;
			defaultConfigurationName = Release;
		};
/* End XCConfigurationList section */
	};
	rootObject = 3941385C205BC4A700CE1C7F /* Project object */;
}
